// !$*UTF8*$!
{
	archiveVersion = 1;
	classes = {
	};
	objectVersion = 56;
	objects = {

/* Begin PBXBuildFile section */
		3EA0FA0D1F3A3BD27FEAB304 /* Pods_RollingPaper.framework in Frameworks */ = {isa = PBXBuildFile; fileRef = 63E17153CFE13251542B4A58 /* Pods_RollingPaper.framework */; };
		AF0A900428EC639100200E35 /* SideBarItemCell.swift in Sources */ = {isa = PBXBuildFile; fileRef = AF0A900028EC639100200E35 /* SideBarItemCell.swift */; };
		AF0A900528EC639100200E35 /* SideBarDelegate.swift in Sources */ = {isa = PBXBuildFile; fileRef = AF0A900128EC639100200E35 /* SideBarDelegate.swift */; };
		AF0A900628EC639100200E35 /* SideBarItem.swift in Sources */ = {isa = PBXBuildFile; fileRef = AF0A900228EC639100200E35 /* SideBarItem.swift */; };
		AF0A900728EC639100200E35 /* SideBarViewController.swift in Sources */ = {isa = PBXBuildFile; fileRef = AF0A900328EC639100200E35 /* SideBarViewController.swift */; };
		AF0A900B28EC639D00200E35 /* ContentViewController.swift in Sources */ = {isa = PBXBuildFile; fileRef = AF0A900828EC639D00200E35 /* ContentViewController.swift */; };
		AF0A900C28EC639D00200E35 /* ContentViewControllerPresentation.swift in Sources */ = {isa = PBXBuildFile; fileRef = AF0A900928EC639D00200E35 /* ContentViewControllerPresentation.swift */; };
		AF0A900D28EC639D00200E35 /* ContainerViewController.swift in Sources */ = {isa = PBXBuildFile; fileRef = AF0A900A28EC639D00200E35 /* ContainerViewController.swift */; };
		AF0A901228EC63A700200E35 /* PaperTemplateViewController.swift in Sources */ = {isa = PBXBuildFile; fileRef = AF0A900E28EC63A600200E35 /* PaperTemplateViewController.swift */; };
		AF0A901328EC63A700200E35 /* AccountLoginViewController.swift in Sources */ = {isa = PBXBuildFile; fileRef = AF0A900F28EC63A600200E35 /* AccountLoginViewController.swift */; };
		AF0A901428EC63A700200E35 /* SettingViewController.swift in Sources */ = {isa = PBXBuildFile; fileRef = AF0A901028EC63A700200E35 /* SettingViewController.swift */; };
		AF0A901528EC63A700200E35 /* PaperStorageViewController.swift in Sources */ = {isa = PBXBuildFile; fileRef = AF0A901128EC63A700200E35 /* PaperStorageViewController.swift */; };
		AF0A901728EC63B100200E35 /* ContainerViewComposer.swift in Sources */ = {isa = PBXBuildFile; fileRef = AF0A901628EC63B100200E35 /* ContainerViewComposer.swift */; };
		D22E4AA228EBDC72001091DA /* AppDelegate.swift in Sources */ = {isa = PBXBuildFile; fileRef = D22E4AA128EBDC72001091DA /* AppDelegate.swift */; };
		D22E4AA428EBDC72001091DA /* SceneDelegate.swift in Sources */ = {isa = PBXBuildFile; fileRef = D22E4AA328EBDC72001091DA /* SceneDelegate.swift */; };
		D22E4AA628EBDC72001091DA /* MainViewController.swift in Sources */ = {isa = PBXBuildFile; fileRef = D22E4AA528EBDC72001091DA /* MainViewController.swift */; };
		D22E4AAB28EBDC73001091DA /* Assets.xcassets in Resources */ = {isa = PBXBuildFile; fileRef = D22E4AAA28EBDC73001091DA /* Assets.xcassets */; };
		D22E4AAE28EBDC73001091DA /* LaunchScreen.storyboard in Resources */ = {isa = PBXBuildFile; fileRef = D22E4AAC28EBDC73001091DA /* LaunchScreen.storyboard */; };
		D22E4ABA28EBE317001091DA /* GoogleService-Info.plist in Resources */ = {isa = PBXBuildFile; fileRef = D22E4AB928EBE317001091DA /* GoogleService-Info.plist */; };
/* End PBXBuildFile section */

/* Begin PBXFileReference section */
		63E17153CFE13251542B4A58 /* Pods_RollingPaper.framework */ = {isa = PBXFileReference; explicitFileType = wrapper.framework; includeInIndex = 0; path = Pods_RollingPaper.framework; sourceTree = BUILT_PRODUCTS_DIR; };
		9DFFFB53FBA1A9F7D99A1411 /* Pods-RollingPaper.release.xcconfig */ = {isa = PBXFileReference; includeInIndex = 1; lastKnownFileType = text.xcconfig; name = "Pods-RollingPaper.release.xcconfig"; path = "Target Support Files/Pods-RollingPaper/Pods-RollingPaper.release.xcconfig"; sourceTree = "<group>"; };
		AF0A900028EC639100200E35 /* SideBarItemCell.swift */ = {isa = PBXFileReference; fileEncoding = 4; lastKnownFileType = sourcecode.swift; path = SideBarItemCell.swift; sourceTree = "<group>"; };
		AF0A900128EC639100200E35 /* SideBarDelegate.swift */ = {isa = PBXFileReference; fileEncoding = 4; lastKnownFileType = sourcecode.swift; path = SideBarDelegate.swift; sourceTree = "<group>"; };
		AF0A900228EC639100200E35 /* SideBarItem.swift */ = {isa = PBXFileReference; fileEncoding = 4; lastKnownFileType = sourcecode.swift; path = SideBarItem.swift; sourceTree = "<group>"; };
		AF0A900328EC639100200E35 /* SideBarViewController.swift */ = {isa = PBXFileReference; fileEncoding = 4; lastKnownFileType = sourcecode.swift; path = SideBarViewController.swift; sourceTree = "<group>"; };
		AF0A900828EC639D00200E35 /* ContentViewController.swift */ = {isa = PBXFileReference; fileEncoding = 4; lastKnownFileType = sourcecode.swift; path = ContentViewController.swift; sourceTree = "<group>"; };
		AF0A900928EC639D00200E35 /* ContentViewControllerPresentation.swift */ = {isa = PBXFileReference; fileEncoding = 4; lastKnownFileType = sourcecode.swift; path = ContentViewControllerPresentation.swift; sourceTree = "<group>"; };
		AF0A900A28EC639D00200E35 /* ContainerViewController.swift */ = {isa = PBXFileReference; fileEncoding = 4; lastKnownFileType = sourcecode.swift; path = ContainerViewController.swift; sourceTree = "<group>"; };
		AF0A900E28EC63A600200E35 /* PaperTemplateViewController.swift */ = {isa = PBXFileReference; fileEncoding = 4; lastKnownFileType = sourcecode.swift; path = PaperTemplateViewController.swift; sourceTree = "<group>"; };
		AF0A900F28EC63A600200E35 /* AccountLoginViewController.swift */ = {isa = PBXFileReference; fileEncoding = 4; lastKnownFileType = sourcecode.swift; path = AccountLoginViewController.swift; sourceTree = "<group>"; };
		AF0A901028EC63A700200E35 /* SettingViewController.swift */ = {isa = PBXFileReference; fileEncoding = 4; lastKnownFileType = sourcecode.swift; path = SettingViewController.swift; sourceTree = "<group>"; };
		AF0A901128EC63A700200E35 /* PaperStorageViewController.swift */ = {isa = PBXFileReference; fileEncoding = 4; lastKnownFileType = sourcecode.swift; path = PaperStorageViewController.swift; sourceTree = "<group>"; };
		AF0A901628EC63B100200E35 /* ContainerViewComposer.swift */ = {isa = PBXFileReference; fileEncoding = 4; lastKnownFileType = sourcecode.swift; path = ContainerViewComposer.swift; sourceTree = "<group>"; };
		BBFE36CDAB55431C5E2625EF /* Pods-RollingPaper.debug.xcconfig */ = {isa = PBXFileReference; includeInIndex = 1; lastKnownFileType = text.xcconfig; name = "Pods-RollingPaper.debug.xcconfig"; path = "Target Support Files/Pods-RollingPaper/Pods-RollingPaper.debug.xcconfig"; sourceTree = "<group>"; };
		D22E4A9E28EBDC72001091DA /* RollingPaper.app */ = {isa = PBXFileReference; explicitFileType = wrapper.application; includeInIndex = 0; path = RollingPaper.app; sourceTree = BUILT_PRODUCTS_DIR; };
		D22E4AA128EBDC72001091DA /* AppDelegate.swift */ = {isa = PBXFileReference; lastKnownFileType = sourcecode.swift; path = AppDelegate.swift; sourceTree = "<group>"; };
		D22E4AA328EBDC72001091DA /* SceneDelegate.swift */ = {isa = PBXFileReference; lastKnownFileType = sourcecode.swift; path = SceneDelegate.swift; sourceTree = "<group>"; };
		D22E4AA528EBDC72001091DA /* MainViewController.swift */ = {isa = PBXFileReference; lastKnownFileType = sourcecode.swift; path = MainViewController.swift; sourceTree = "<group>"; };
		D22E4AAA28EBDC73001091DA /* Assets.xcassets */ = {isa = PBXFileReference; lastKnownFileType = folder.assetcatalog; path = Assets.xcassets; sourceTree = "<group>"; };
		D22E4AAD28EBDC73001091DA /* Base */ = {isa = PBXFileReference; lastKnownFileType = file.storyboard; name = Base; path = Base.lproj/LaunchScreen.storyboard; sourceTree = "<group>"; };
		D22E4AAF28EBDC73001091DA /* Info.plist */ = {isa = PBXFileReference; lastKnownFileType = text.plist.xml; path = Info.plist; sourceTree = "<group>"; };
		D22E4AB928EBE317001091DA /* GoogleService-Info.plist */ = {isa = PBXFileReference; fileEncoding = 4; lastKnownFileType = text.plist.xml; path = "GoogleService-Info.plist"; sourceTree = "<group>"; };
/* End PBXFileReference section */

/* Begin PBXFrameworksBuildPhase section */
		D22E4A9B28EBDC72001091DA /* Frameworks */ = {
			isa = PBXFrameworksBuildPhase;
			buildActionMask = 2147483647;
			files = (
				3EA0FA0D1F3A3BD27FEAB304 /* Pods_RollingPaper.framework in Frameworks */,
			);
			runOnlyForDeploymentPostprocessing = 0;
		};
/* End PBXFrameworksBuildPhase section */

/* Begin PBXGroup section */
		AF0A901A28EC729800200E35 /* SideBarController */ = {
			isa = PBXGroup;
			children = (
				AF0A900328EC639100200E35 /* SideBarViewController.swift */,
				AF0A900128EC639100200E35 /* SideBarDelegate.swift */,
				AF0A900228EC639100200E35 /* SideBarItem.swift */,
				AF0A900028EC639100200E35 /* SideBarItemCell.swift */,
			);
			path = SideBarController;
			sourceTree = "<group>";
		};
		AF0A901B28EC733B00200E35 /* SideBarContainer */ = {
			isa = PBXGroup;
			children = (
				AF0A900A28EC639D00200E35 /* ContainerViewController.swift */,
				AF0A900828EC639D00200E35 /* ContentViewController.swift */,
				AF0A900928EC639D00200E35 /* ContentViewControllerPresentation.swift */,
			);
			path = SideBarContainer;
			sourceTree = "<group>";
		};
		CA4CAED2FDB153E404B2D7F0 /* Pods */ = {
			isa = PBXGroup;
			children = (
				BBFE36CDAB55431C5E2625EF /* Pods-RollingPaper.debug.xcconfig */,
				9DFFFB53FBA1A9F7D99A1411 /* Pods-RollingPaper.release.xcconfig */,
			);
			path = Pods;
			sourceTree = "<group>";
		};
		D22E4A9528EBDC72001091DA = {
			isa = PBXGroup;
			children = (
				D22E4AA028EBDC72001091DA /* RollingPaper */,
				D22E4A9F28EBDC72001091DA /* Products */,
				CA4CAED2FDB153E404B2D7F0 /* Pods */,
				DBA722253A40AAB24E0738F8 /* Frameworks */,
			);
			sourceTree = "<group>";
		};
		D22E4A9F28EBDC72001091DA /* Products */ = {
			isa = PBXGroup;
			children = (
				D22E4A9E28EBDC72001091DA /* RollingPaper.app */,
			);
			name = Products;
			sourceTree = "<group>";
		};
		D22E4AA028EBDC72001091DA /* RollingPaper */ = {
			isa = PBXGroup;
			children = (
				D22E4AB928EBE317001091DA /* GoogleService-Info.plist */,
				D22E4AB528EBDC7D001091DA /* Resources */,
				D22E4AB728EBDC8B001091DA /* Controllers */,
				D22E4AB628EBDC86001091DA /* Models */,
				D22E4AAA28EBDC73001091DA /* Assets.xcassets */,
				D22E4AB828EBDC9E001091DA /* Views */,
				D22E4AAF28EBDC73001091DA /* Info.plist */,
			);
			path = RollingPaper;
			sourceTree = "<group>";
		};
		D22E4AB528EBDC7D001091DA /* Resources */ = {
			isa = PBXGroup;
			children = (
				D22E4AA128EBDC72001091DA /* AppDelegate.swift */,
				D22E4AA328EBDC72001091DA /* SceneDelegate.swift */,
			);
			path = Resources;
			sourceTree = "<group>";
		};
		D22E4AB628EBDC86001091DA /* Models */ = {
			isa = PBXGroup;
			children = (
			);
			path = Models;
			sourceTree = "<group>";
		};
		D22E4AB728EBDC8B001091DA /* Controllers */ = {
			isa = PBXGroup;
			children = (
				AF0A901B28EC733B00200E35 /* SideBarContainer */,
				AF0A901A28EC729800200E35 /* SideBarController */,
				D22E4AA528EBDC72001091DA /* MainViewController.swift */,
			);
			path = Controllers;
			sourceTree = "<group>";
		};
		D22E4AB828EBDC9E001091DA /* Views */ = {
			isa = PBXGroup;
			children = (
				AF0A900E28EC63A600200E35 /* PaperTemplateViewController.swift */,
				AF0A901128EC63A700200E35 /* PaperStorageViewController.swift */,
				AF0A901028EC63A700200E35 /* SettingViewController.swift */,
				AF0A900F28EC63A600200E35 /* AccountLoginViewController.swift */,
				AF0A901628EC63B100200E35 /* ContainerViewComposer.swift */,
				D22E4AAC28EBDC73001091DA /* LaunchScreen.storyboard */,
			);
			path = Views;
			sourceTree = "<group>";
		};
		DBA722253A40AAB24E0738F8 /* Frameworks */ = {
			isa = PBXGroup;
			children = (
				63E17153CFE13251542B4A58 /* Pods_RollingPaper.framework */,
			);
			name = Frameworks;
			sourceTree = "<group>";
		};
/* End PBXGroup section */

/* Begin PBXNativeTarget section */
		D22E4A9D28EBDC72001091DA /* RollingPaper */ = {
			isa = PBXNativeTarget;
			buildConfigurationList = D22E4AB228EBDC73001091DA /* Build configuration list for PBXNativeTarget "RollingPaper" */;
			buildPhases = (
				9F2E485024D579BEDB6CC43C /* [CP] Check Pods Manifest.lock */,
				D22E4A9A28EBDC72001091DA /* Sources */,
				D22E4A9B28EBDC72001091DA /* Frameworks */,
				D22E4A9C28EBDC72001091DA /* Resources */,
				AA1AB6114683EDA640CFE7BC /* [CP] Embed Pods Frameworks */,
			);
			buildRules = (
			);
			dependencies = (
			);
			name = RollingPaper;
			productName = RollingPaper;
			productReference = D22E4A9E28EBDC72001091DA /* RollingPaper.app */;
			productType = "com.apple.product-type.application";
		};
/* End PBXNativeTarget section */

/* Begin PBXProject section */
		D22E4A9628EBDC72001091DA /* Project object */ = {
			isa = PBXProject;
			attributes = {
				LastSwiftUpdateCheck = 1400;
				LastUpgradeCheck = 1400;
				TargetAttributes = {
					D22E4A9D28EBDC72001091DA = {
						CreatedOnToolsVersion = 14.0.1;
					};
				};
			};
			buildConfigurationList = D22E4A9928EBDC72001091DA /* Build configuration list for PBXProject "RollingPaper" */;
			compatibilityVersion = "Xcode 14.0";
			developmentRegion = en;
			hasScannedForEncodings = 0;
			knownRegions = (
				en,
				Base,
			);
			mainGroup = D22E4A9528EBDC72001091DA;
			productRefGroup = D22E4A9F28EBDC72001091DA /* Products */;
			projectDirPath = "";
			projectRoot = "";
			targets = (
				D22E4A9D28EBDC72001091DA /* RollingPaper */,
			);
		};
/* End PBXProject section */

/* Begin PBXResourcesBuildPhase section */
		D22E4A9C28EBDC72001091DA /* Resources */ = {
			isa = PBXResourcesBuildPhase;
			buildActionMask = 2147483647;
			files = (
				D22E4AAE28EBDC73001091DA /* LaunchScreen.storyboard in Resources */,
				D22E4AAB28EBDC73001091DA /* Assets.xcassets in Resources */,
				D22E4ABA28EBE317001091DA /* GoogleService-Info.plist in Resources */,
			);
			runOnlyForDeploymentPostprocessing = 0;
		};
/* End PBXResourcesBuildPhase section */

/* Begin PBXShellScriptBuildPhase section */
		9F2E485024D579BEDB6CC43C /* [CP] Check Pods Manifest.lock */ = {
			isa = PBXShellScriptBuildPhase;
			buildActionMask = 2147483647;
			files = (
			);
			inputFileListPaths = (
			);
			inputPaths = (
				"${PODS_PODFILE_DIR_PATH}/Podfile.lock",
				"${PODS_ROOT}/Manifest.lock",
			);
			name = "[CP] Check Pods Manifest.lock";
			outputFileListPaths = (
			);
			outputPaths = (
				"$(DERIVED_FILE_DIR)/Pods-RollingPaper-checkManifestLockResult.txt",
			);
			runOnlyForDeploymentPostprocessing = 0;
			shellPath = /bin/sh;
			shellScript = "diff \"${PODS_PODFILE_DIR_PATH}/Podfile.lock\" \"${PODS_ROOT}/Manifest.lock\" > /dev/null\nif [ $? != 0 ] ; then\n    # print error to STDERR\n    echo \"error: The sandbox is not in sync with the Podfile.lock. Run 'pod install' or update your CocoaPods installation.\" >&2\n    exit 1\nfi\n# This output is used by Xcode 'outputs' to avoid re-running this script phase.\necho \"SUCCESS\" > \"${SCRIPT_OUTPUT_FILE_0}\"\n";
			showEnvVarsInLog = 0;
		};
		AA1AB6114683EDA640CFE7BC /* [CP] Embed Pods Frameworks */ = {
			isa = PBXShellScriptBuildPhase;
			buildActionMask = 2147483647;
			files = (
			);
			inputFileListPaths = (
				"${PODS_ROOT}/Target Support Files/Pods-RollingPaper/Pods-RollingPaper-frameworks-${CONFIGURATION}-input-files.xcfilelist",
			);
			name = "[CP] Embed Pods Frameworks";
			outputFileListPaths = (
				"${PODS_ROOT}/Target Support Files/Pods-RollingPaper/Pods-RollingPaper-frameworks-${CONFIGURATION}-output-files.xcfilelist",
			);
			runOnlyForDeploymentPostprocessing = 0;
			shellPath = /bin/sh;
			shellScript = "\"${PODS_ROOT}/Target Support Files/Pods-RollingPaper/Pods-RollingPaper-frameworks.sh\"\n";
			showEnvVarsInLog = 0;
		};
/* End PBXShellScriptBuildPhase section */

/* Begin PBXSourcesBuildPhase section */
		D22E4A9A28EBDC72001091DA /* Sources */ = {
			isa = PBXSourcesBuildPhase;
			buildActionMask = 2147483647;
			files = (
				AF0A900B28EC639D00200E35 /* ContentViewController.swift in Sources */,
				D22E4AA628EBDC72001091DA /* MainViewController.swift in Sources */,
				AF0A901328EC63A700200E35 /* AccountLoginViewController.swift in Sources */,
				AF0A900D28EC639D00200E35 /* ContainerViewController.swift in Sources */,
				AF0A901728EC63B100200E35 /* ContainerViewComposer.swift in Sources */,
				AF0A900528EC639100200E35 /* SideBarDelegate.swift in Sources */,
				AF0A900628EC639100200E35 /* SideBarItem.swift in Sources */,
				D22E4AA228EBDC72001091DA /* AppDelegate.swift in Sources */,
				AF0A900728EC639100200E35 /* SideBarViewController.swift in Sources */,
				AF0A901228EC63A700200E35 /* PaperTemplateViewController.swift in Sources */,
				AF0A901528EC63A700200E35 /* PaperStorageViewController.swift in Sources */,
				AF0A900C28EC639D00200E35 /* ContentViewControllerPresentation.swift in Sources */,
				AF0A900428EC639100200E35 /* SideBarItemCell.swift in Sources */,
				AF0A901428EC63A700200E35 /* SettingViewController.swift in Sources */,
				D22E4AA428EBDC72001091DA /* SceneDelegate.swift in Sources */,
			);
			runOnlyForDeploymentPostprocessing = 0;
		};
/* End PBXSourcesBuildPhase section */

/* Begin PBXVariantGroup section */
		D22E4AAC28EBDC73001091DA /* LaunchScreen.storyboard */ = {
			isa = PBXVariantGroup;
			children = (
				D22E4AAD28EBDC73001091DA /* Base */,
			);
			name = LaunchScreen.storyboard;
			sourceTree = "<group>";
		};
/* End PBXVariantGroup section */

/* Begin XCBuildConfiguration section */
		D22E4AB028EBDC73001091DA /* Debug */ = {
			isa = XCBuildConfiguration;
			buildSettings = {
				ALWAYS_SEARCH_USER_PATHS = NO;
				CLANG_ANALYZER_NONNULL = YES;
				CLANG_ANALYZER_NUMBER_OBJECT_CONVERSION = YES_AGGRESSIVE;
				CLANG_CXX_LANGUAGE_STANDARD = "gnu++20";
				CLANG_ENABLE_MODULES = YES;
				CLANG_ENABLE_OBJC_ARC = YES;
				CLANG_ENABLE_OBJC_WEAK = YES;
				CLANG_WARN_BLOCK_CAPTURE_AUTORELEASING = YES;
				CLANG_WARN_BOOL_CONVERSION = YES;
				CLANG_WARN_COMMA = YES;
				CLANG_WARN_CONSTANT_CONVERSION = YES;
				CLANG_WARN_DEPRECATED_OBJC_IMPLEMENTATIONS = YES;
				CLANG_WARN_DIRECT_OBJC_ISA_USAGE = YES_ERROR;
				CLANG_WARN_DOCUMENTATION_COMMENTS = YES;
				CLANG_WARN_EMPTY_BODY = YES;
				CLANG_WARN_ENUM_CONVERSION = YES;
				CLANG_WARN_INFINITE_RECURSION = YES;
				CLANG_WARN_INT_CONVERSION = YES;
				CLANG_WARN_NON_LITERAL_NULL_CONVERSION = YES;
				CLANG_WARN_OBJC_IMPLICIT_RETAIN_SELF = YES;
				CLANG_WARN_OBJC_LITERAL_CONVERSION = YES;
				CLANG_WARN_OBJC_ROOT_CLASS = YES_ERROR;
				CLANG_WARN_QUOTED_INCLUDE_IN_FRAMEWORK_HEADER = YES;
				CLANG_WARN_RANGE_LOOP_ANALYSIS = YES;
				CLANG_WARN_STRICT_PROTOTYPES = YES;
				CLANG_WARN_SUSPICIOUS_MOVE = YES;
				CLANG_WARN_UNGUARDED_AVAILABILITY = YES_AGGRESSIVE;
				CLANG_WARN_UNREACHABLE_CODE = YES;
				CLANG_WARN__DUPLICATE_METHOD_MATCH = YES;
				COPY_PHASE_STRIP = NO;
				DEBUG_INFORMATION_FORMAT = dwarf;
				ENABLE_STRICT_OBJC_MSGSEND = YES;
				ENABLE_TESTABILITY = YES;
				GCC_C_LANGUAGE_STANDARD = gnu11;
				GCC_DYNAMIC_NO_PIC = NO;
				GCC_NO_COMMON_BLOCKS = YES;
				GCC_OPTIMIZATION_LEVEL = 0;
				GCC_PREPROCESSOR_DEFINITIONS = (
					"DEBUG=1",
					"$(inherited)",
				);
				GCC_WARN_64_TO_32_BIT_CONVERSION = YES;
				GCC_WARN_ABOUT_RETURN_TYPE = YES_ERROR;
				GCC_WARN_UNDECLARED_SELECTOR = YES;
				GCC_WARN_UNINITIALIZED_AUTOS = YES_AGGRESSIVE;
				GCC_WARN_UNUSED_FUNCTION = YES;
				GCC_WARN_UNUSED_VARIABLE = YES;
				IPHONEOS_DEPLOYMENT_TARGET = 16.0;
				MTL_ENABLE_DEBUG_INFO = INCLUDE_SOURCE;
				MTL_FAST_MATH = YES;
				ONLY_ACTIVE_ARCH = YES;
				SDKROOT = iphoneos;
				SWIFT_ACTIVE_COMPILATION_CONDITIONS = DEBUG;
				SWIFT_OPTIMIZATION_LEVEL = "-Onone";
			};
			name = Debug;
		};
		D22E4AB128EBDC73001091DA /* Release */ = {
			isa = XCBuildConfiguration;
			buildSettings = {
				ALWAYS_SEARCH_USER_PATHS = NO;
				CLANG_ANALYZER_NONNULL = YES;
				CLANG_ANALYZER_NUMBER_OBJECT_CONVERSION = YES_AGGRESSIVE;
				CLANG_CXX_LANGUAGE_STANDARD = "gnu++20";
				CLANG_ENABLE_MODULES = YES;
				CLANG_ENABLE_OBJC_ARC = YES;
				CLANG_ENABLE_OBJC_WEAK = YES;
				CLANG_WARN_BLOCK_CAPTURE_AUTORELEASING = YES;
				CLANG_WARN_BOOL_CONVERSION = YES;
				CLANG_WARN_COMMA = YES;
				CLANG_WARN_CONSTANT_CONVERSION = YES;
				CLANG_WARN_DEPRECATED_OBJC_IMPLEMENTATIONS = YES;
				CLANG_WARN_DIRECT_OBJC_ISA_USAGE = YES_ERROR;
				CLANG_WARN_DOCUMENTATION_COMMENTS = YES;
				CLANG_WARN_EMPTY_BODY = YES;
				CLANG_WARN_ENUM_CONVERSION = YES;
				CLANG_WARN_INFINITE_RECURSION = YES;
				CLANG_WARN_INT_CONVERSION = YES;
				CLANG_WARN_NON_LITERAL_NULL_CONVERSION = YES;
				CLANG_WARN_OBJC_IMPLICIT_RETAIN_SELF = YES;
				CLANG_WARN_OBJC_LITERAL_CONVERSION = YES;
				CLANG_WARN_OBJC_ROOT_CLASS = YES_ERROR;
				CLANG_WARN_QUOTED_INCLUDE_IN_FRAMEWORK_HEADER = YES;
				CLANG_WARN_RANGE_LOOP_ANALYSIS = YES;
				CLANG_WARN_STRICT_PROTOTYPES = YES;
				CLANG_WARN_SUSPICIOUS_MOVE = YES;
				CLANG_WARN_UNGUARDED_AVAILABILITY = YES_AGGRESSIVE;
				CLANG_WARN_UNREACHABLE_CODE = YES;
				CLANG_WARN__DUPLICATE_METHOD_MATCH = YES;
				COPY_PHASE_STRIP = NO;
				DEBUG_INFORMATION_FORMAT = "dwarf-with-dsym";
				ENABLE_NS_ASSERTIONS = NO;
				ENABLE_STRICT_OBJC_MSGSEND = YES;
				GCC_C_LANGUAGE_STANDARD = gnu11;
				GCC_NO_COMMON_BLOCKS = YES;
				GCC_WARN_64_TO_32_BIT_CONVERSION = YES;
				GCC_WARN_ABOUT_RETURN_TYPE = YES_ERROR;
				GCC_WARN_UNDECLARED_SELECTOR = YES;
				GCC_WARN_UNINITIALIZED_AUTOS = YES_AGGRESSIVE;
				GCC_WARN_UNUSED_FUNCTION = YES;
				GCC_WARN_UNUSED_VARIABLE = YES;
				IPHONEOS_DEPLOYMENT_TARGET = 16.0;
				MTL_ENABLE_DEBUG_INFO = NO;
				MTL_FAST_MATH = YES;
				SDKROOT = iphoneos;
				SWIFT_COMPILATION_MODE = wholemodule;
				SWIFT_OPTIMIZATION_LEVEL = "-O";
				VALIDATE_PRODUCT = YES;
			};
			name = Release;
		};
		D22E4AB328EBDC73001091DA /* Debug */ = {
			isa = XCBuildConfiguration;
			baseConfigurationReference = BBFE36CDAB55431C5E2625EF /* Pods-RollingPaper.debug.xcconfig */;
			buildSettings = {
				ASSETCATALOG_COMPILER_APPICON_NAME = AppIcon;
				ASSETCATALOG_COMPILER_GLOBAL_ACCENT_COLOR_NAME = AccentColor;
				CODE_SIGN_STYLE = Automatic;
				CURRENT_PROJECT_VERSION = 1;
				DEVELOPMENT_TEAM = 4JPWGVR2ZN;
				GENERATE_INFOPLIST_FILE = YES;
				INFOPLIST_FILE = RollingPaper/Info.plist;
				INFOPLIST_KEY_UIApplicationSupportsIndirectInputEvents = YES;
				INFOPLIST_KEY_UILaunchStoryboardName = LaunchScreen;
				INFOPLIST_KEY_UISupportedInterfaceOrientations_iPad = "UIInterfaceOrientationPortrait UIInterfaceOrientationPortraitUpsideDown UIInterfaceOrientationLandscapeLeft UIInterfaceOrientationLandscapeRight";
				INFOPLIST_KEY_UISupportedInterfaceOrientations_iPhone = "UIInterfaceOrientationPortrait UIInterfaceOrientationLandscapeLeft UIInterfaceOrientationLandscapeRight";
				IPHONEOS_DEPLOYMENT_TARGET = 14.0;
				LD_RUNPATH_SEARCH_PATHS = (
					"$(inherited)",
					"@executable_path/Frameworks",
				);
				MARKETING_VERSION = 1.0;
				PRODUCT_BUNDLE_IDENTIFIER = Yolo.RollingPaper;
				PRODUCT_NAME = "$(TARGET_NAME)";
				SWIFT_EMIT_LOC_STRINGS = YES;
				SWIFT_VERSION = 5.0;
				TARGETED_DEVICE_FAMILY = "1,2";
			};
			name = Debug;
		};
		D22E4AB428EBDC73001091DA /* Release */ = {
			isa = XCBuildConfiguration;
			baseConfigurationReference = 9DFFFB53FBA1A9F7D99A1411 /* Pods-RollingPaper.release.xcconfig */;
			buildSettings = {
				ASSETCATALOG_COMPILER_APPICON_NAME = AppIcon;
				ASSETCATALOG_COMPILER_GLOBAL_ACCENT_COLOR_NAME = AccentColor;
				CODE_SIGN_STYLE = Automatic;
				CURRENT_PROJECT_VERSION = 1;
				DEVELOPMENT_TEAM = 4JPWGVR2ZN;
				GENERATE_INFOPLIST_FILE = YES;
				INFOPLIST_FILE = RollingPaper/Info.plist;
				INFOPLIST_KEY_UIApplicationSupportsIndirectInputEvents = YES;
				INFOPLIST_KEY_UILaunchStoryboardName = LaunchScreen;
				INFOPLIST_KEY_UISupportedInterfaceOrientations_iPad = "UIInterfaceOrientationPortrait UIInterfaceOrientationPortraitUpsideDown UIInterfaceOrientationLandscapeLeft UIInterfaceOrientationLandscapeRight";
				INFOPLIST_KEY_UISupportedInterfaceOrientations_iPhone = "UIInterfaceOrientationPortrait UIInterfaceOrientationLandscapeLeft UIInterfaceOrientationLandscapeRight";
				IPHONEOS_DEPLOYMENT_TARGET = 14.0;
				LD_RUNPATH_SEARCH_PATHS = (
					"$(inherited)",
					"@executable_path/Frameworks",
				);
				MARKETING_VERSION = 1.0;
				PRODUCT_BUNDLE_IDENTIFIER = Yolo.RollingPaper;
				PRODUCT_NAME = "$(TARGET_NAME)";
				SWIFT_EMIT_LOC_STRINGS = YES;
				SWIFT_VERSION = 5.0;
				TARGETED_DEVICE_FAMILY = "1,2";
			};
			name = Release;
		};
/* End XCBuildConfiguration section */

/* Begin XCConfigurationList section */
		D22E4A9928EBDC72001091DA /* Build configuration list for PBXProject "RollingPaper" */ = {
			isa = XCConfigurationList;
			buildConfigurations = (
				D22E4AB028EBDC73001091DA /* Debug */,
				D22E4AB128EBDC73001091DA /* Release */,
			);
			defaultConfigurationIsVisible = 0;
			defaultConfigurationName = Release;
		};
		D22E4AB228EBDC73001091DA /* Build configuration list for PBXNativeTarget "RollingPaper" */ = {
			isa = XCConfigurationList;
			buildConfigurations = (
				D22E4AB328EBDC73001091DA /* Debug */,
				D22E4AB428EBDC73001091DA /* Release */,
			);
			defaultConfigurationIsVisible = 0;
			defaultConfigurationName = Release;
		};
/* End XCConfigurationList section */
	};
	rootObject = D22E4A9628EBDC72001091DA /* Project object */;
}
